// !$*UTF8*$!
{
	archiveVersion = 1;
	classes = {
	};
	objectVersion = 50;
	objects = {

/* Begin PBXBuildFile section */
		1E5ED7EA255E1DE400D94AFC /* main.swift in Sources */ = {isa = PBXBuildFile; fileRef = 1E5ED7E9255E1DE400D94AFC /* main.swift */; };
		1E5ED7F2255E25F400D94AFC /* p12910_programmers.swift in Sources */ = {isa = PBXBuildFile; fileRef = 1E5ED7F1255E25F400D94AFC /* p12910_programmers.swift */; };
		1E5ED7F9255E2B9B00D94AFC /* p64061_programmers.swift in Sources */ = {isa = PBXBuildFile; fileRef = 1E5ED7F8255E2B9B00D94AFC /* p64061_programmers.swift */; };
		1E6D7619255E6A1B00B37C5F /* p68644_programmers.swift in Sources */ = {isa = PBXBuildFile; fileRef = 1E6D7618255E6A1B00B37C5F /* p68644_programmers.swift */; };
		1E6D7620255E79ED00B37C5F /* p42840_programmers.swift in Sources */ = {isa = PBXBuildFile; fileRef = 1E6D761F255E79ED00B37C5F /* p42840_programmers.swift */; };
		1E6D76242560DD5B00B37C5F /* p12901_programmers.swift in Sources */ = {isa = PBXBuildFile; fileRef = 1E6D76232560DD5B00B37C5F /* p12901_programmers.swift */; };
/* End PBXBuildFile section */

/* Begin PBXCopyFilesBuildPhase section */
		1E5ED7E4255E1DE400D94AFC /* CopyFiles */ = {
			isa = PBXCopyFilesBuildPhase;
			buildActionMask = 2147483647;
			dstPath = /usr/share/man/man1/;
			dstSubfolderSpec = 0;
			files = (
			);
			runOnlyForDeploymentPostprocessing = 1;
		};
/* End PBXCopyFilesBuildPhase section */

/* Begin PBXFileReference section */
		1E5ED7E6255E1DE400D94AFC /* 2week-algorithm */ = {isa = PBXFileReference; explicitFileType = "compiled.mach-o.executable"; includeInIndex = 0; path = "2week-algorithm"; sourceTree = BUILT_PRODUCTS_DIR; };
		1E5ED7E9255E1DE400D94AFC /* main.swift */ = {isa = PBXFileReference; lastKnownFileType = sourcecode.swift; path = main.swift; sourceTree = "<group>"; };
		1E5ED7F1255E25F400D94AFC /* p12910_programmers.swift */ = {isa = PBXFileReference; lastKnownFileType = sourcecode.swift; path = p12910_programmers.swift; sourceTree = "<group>"; };
		1E5ED7F8255E2B9B00D94AFC /* p64061_programmers.swift */ = {isa = PBXFileReference; lastKnownFileType = sourcecode.swift; path = p64061_programmers.swift; sourceTree = "<group>"; };
		1E6D7618255E6A1B00B37C5F /* p68644_programmers.swift */ = {isa = PBXFileReference; lastKnownFileType = sourcecode.swift; path = p68644_programmers.swift; sourceTree = "<group>"; };
		1E6D761F255E79ED00B37C5F /* p42840_programmers.swift */ = {isa = PBXFileReference; lastKnownFileType = sourcecode.swift; path = p42840_programmers.swift; sourceTree = "<group>"; };
		1E6D76232560DD5B00B37C5F /* p12901_programmers.swift */ = {isa = PBXFileReference; lastKnownFileType = sourcecode.swift; path = p12901_programmers.swift; sourceTree = "<group>"; };
/* End PBXFileReference section */

/* Begin PBXFrameworksBuildPhase section */
		1E5ED7E3255E1DE400D94AFC /* Frameworks */ = {
			isa = PBXFrameworksBuildPhase;
			buildActionMask = 2147483647;
			files = (
			);
			runOnlyForDeploymentPostprocessing = 0;
		};
/* End PBXFrameworksBuildPhase section */

/* Begin PBXGroup section */
		1E5ED7DD255E1DE400D94AFC = {
			isa = PBXGroup;
			children = (
				1E5ED7E8255E1DE400D94AFC /* 2week-algorithm */,
				1E5ED7E7255E1DE400D94AFC /* Products */,
			);
			sourceTree = "<group>";
		};
		1E5ED7E7255E1DE400D94AFC /* Products */ = {
			isa = PBXGroup;
			children = (
				1E5ED7E6255E1DE400D94AFC /* 2week-algorithm */,
			);
			name = Products;
			sourceTree = "<group>";
		};
		1E5ED7E8255E1DE400D94AFC /* 2week-algorithm */ = {
			isa = PBXGroup;
			children = (
				1E5ED7E9255E1DE400D94AFC /* main.swift */,
				1E5ED7F1255E25F400D94AFC /* p12910_programmers.swift */,
				1E5ED7F8255E2B9B00D94AFC /* p64061_programmers.swift */,
				1E6D7618255E6A1B00B37C5F /* p68644_programmers.swift */,
				1E6D761F255E79ED00B37C5F /* p42840_programmers.swift */,
				1E6D76232560DD5B00B37C5F /* p12901_programmers.swift */,
			);
			path = "2week-algorithm";
			sourceTree = "<group>";
		};
/* End PBXGroup section */

/* Begin PBXNativeTarget section */
		1E5ED7E5255E1DE400D94AFC /* 2week-algorithm */ = {
			isa = PBXNativeTarget;
			buildConfigurationList = 1E5ED7ED255E1DE400D94AFC /* Build configuration list for PBXNativeTarget "2week-algorithm" */;
			buildPhases = (
				1E5ED7E2255E1DE400D94AFC /* Sources */,
				1E5ED7E3255E1DE400D94AFC /* Frameworks */,
				1E5ED7E4255E1DE400D94AFC /* CopyFiles */,
			);
			buildRules = (
			);
			dependencies = (
			);
			name = "2week-algorithm";
			productName = "2week-algorithm";
			productReference = 1E5ED7E6255E1DE400D94AFC /* 2week-algorithm */;
			productType = "com.apple.product-type.tool";
		};
/* End PBXNativeTarget section */

/* Begin PBXProject section */
		1E5ED7DE255E1DE400D94AFC /* Project object */ = {
			isa = PBXProject;
			attributes = {
				LastSwiftUpdateCheck = 1210;
				LastUpgradeCheck = 1220;
				TargetAttributes = {
					1E5ED7E5255E1DE400D94AFC = {
						CreatedOnToolsVersion = 12.1;
					};
				};
			};
			buildConfigurationList = 1E5ED7E1255E1DE400D94AFC /* Build configuration list for PBXProject "2week-algorithm" */;
			compatibilityVersion = "Xcode 9.3";
			developmentRegion = en;
			hasScannedForEncodings = 0;
			knownRegions = (
				en,
				Base,
			);
			mainGroup = 1E5ED7DD255E1DE400D94AFC;
			productRefGroup = 1E5ED7E7255E1DE400D94AFC /* Products */;
			projectDirPath = "";
			projectRoot = "";
			targets = (
				1E5ED7E5255E1DE400D94AFC /* 2week-algorithm */,
			);
		};
/* End PBXProject section */

/* Begin PBXSourcesBuildPhase section */
		1E5ED7E2255E1DE400D94AFC /* Sources */ = {
			isa = PBXSourcesBuildPhase;
			buildActionMask = 2147483647;
			files = (
				1E6D76242560DD5B00B37C5F /* p12901_programmers.swift in Sources */,
				1E6D7620255E79ED00B37C5F /* p42840_programmers.swift in Sources */,
				1E5ED7F2255E25F400D94AFC /* p12910_programmers.swift in Sources */,
				1E6D7619255E6A1B00B37C5F /* p68644_programmers.swift in Sources */,
				1E5ED7F9255E2B9B00D94AFC /* p64061_programmers.swift in Sources */,
				1E5ED7EA255E1DE400D94AFC /* main.swift in Sources */,
			);
			runOnlyForDeploymentPostprocessing = 0;
		};
/* End PBXSourcesBuildPhase section */

/* Begin XCBuildConfiguration section */
		1E5ED7EB255E1DE400D94AFC /* Debug */ = {
			isa = XCBuildConfiguration;
			buildSettings = {
				ALWAYS_SEARCH_USER_PATHS = NO;
				CLANG_ANALYZER_NONNULL = YES;
				CLANG_ANALYZER_NUMBER_OBJECT_CONVERSION = YES_AGGRESSIVE;
				CLANG_CXX_LANGUAGE_STANDARD = "gnu++14";
				CLANG_CXX_LIBRARY = "libc++";
				CLANG_ENABLE_MODULES = YES;
				CLANG_ENABLE_OBJC_ARC = YES;
				CLANG_ENABLE_OBJC_WEAK = YES;
				CLANG_WARN_BLOCK_CAPTURE_AUTORELEASING = YES;
				CLANG_WARN_BOOL_CONVERSION = YES;
				CLANG_WARN_COMMA = YES;
				CLANG_WARN_CONSTANT_CONVERSION = YES;
				CLANG_WARN_DEPRECATED_OBJC_IMPLEMENTATIONS = YES;
				CLANG_WARN_DIRECT_OBJC_ISA_USAGE = YES_ERROR;
				CLANG_WARN_DOCUMENTATION_COMMENTS = YES;
				CLANG_WARN_EMPTY_BODY = YES;
				CLANG_WARN_ENUM_CONVERSION = YES;
				CLANG_WARN_INFINITE_RECURSION = YES;
				CLANG_WARN_INT_CONVERSION = YES;
				CLANG_WARN_NON_LITERAL_NULL_CONVERSION = YES;
				CLANG_WARN_OBJC_IMPLICIT_RETAIN_SELF = YES;
				CLANG_WARN_OBJC_LITERAL_CONVERSION = YES;
				CLANG_WARN_OBJC_ROOT_CLASS = YES_ERROR;
				CLANG_WARN_QUOTED_INCLUDE_IN_FRAMEWORK_HEADER = YES;
				CLANG_WARN_RANGE_LOOP_ANALYSIS = YES;
				CLANG_WARN_STRICT_PROTOTYPES = YES;
				CLANG_WARN_SUSPICIOUS_MOVE = YES;
				CLANG_WARN_UNGUARDED_AVAILABILITY = YES_AGGRESSIVE;
				CLANG_WARN_UNREACHABLE_CODE = YES;
				CLANG_WARN__DUPLICATE_METHOD_MATCH = YES;
				COPY_PHASE_STRIP = NO;
				DEBUG_INFORMATION_FORMAT = dwarf;
				ENABLE_STRICT_OBJC_MSGSEND = YES;
				ENABLE_TESTABILITY = YES;
				GCC_C_LANGUAGE_STANDARD = gnu11;
				GCC_DYNAMIC_NO_PIC = NO;
				GCC_NO_COMMON_BLOCKS = YES;
				GCC_OPTIMIZATION_LEVEL = 0;
				GCC_PREPROCESSOR_DEFINITIONS = (
					"DEBUG=1",
					"$(inherited)",
				);
				GCC_WARN_64_TO_32_BIT_CONVERSION = YES;
				GCC_WARN_ABOUT_RETURN_TYPE = YES_ERROR;
				GCC_WARN_UNDECLARED_SELECTOR = YES;
				GCC_WARN_UNINITIALIZED_AUTOS = YES_AGGRESSIVE;
				GCC_WARN_UNUSED_FUNCTION = YES;
				GCC_WARN_UNUSED_VARIABLE = YES;
				MACOSX_DEPLOYMENT_TARGET = 10.15;
				MTL_ENABLE_DEBUG_INFO = INCLUDE_SOURCE;
				MTL_FAST_MATH = YES;
				ONLY_ACTIVE_ARCH = YES;
				SDKROOT = macosx;
				SWIFT_ACTIVE_COMPILATION_CONDITIONS = DEBUG;
				SWIFT_OPTIMIZATION_LEVEL = "-Onone";
			};
			name = Debug;
		};
		1E5ED7EC255E1DE400D94AFC /* Release */ = {
			isa = XCBuildConfiguration;
			buildSettings = {
				ALWAYS_SEARCH_USER_PATHS = NO;
				CLANG_ANALYZER_NONNULL = YES;
				CLANG_ANALYZER_NUMBER_OBJECT_CONVERSION = YES_AGGRESSIVE;
				CLANG_CXX_LANGUAGE_STANDARD = "gnu++14";
				CLANG_CXX_LIBRARY = "libc++";
				CLANG_ENABLE_MODULES = YES;
				CLANG_ENABLE_OBJC_ARC = YES;
				CLANG_ENABLE_OBJC_WEAK = YES;
				CLANG_WARN_BLOCK_CAPTURE_AUTORELEASING = YES;
				CLANG_WARN_BOOL_CONVERSION = YES;
				CLANG_WARN_COMMA = YES;
				CLANG_WARN_CONSTANT_CONVERSION = YES;
				CLANG_WARN_DEPRECATED_OBJC_IMPLEMENTATIONS = YES;
				CLANG_WARN_DIRECT_OBJC_ISA_USAGE = YES_ERROR;
				CLANG_WARN_DOCUMENTATION_COMMENTS = YES;
				CLANG_WARN_EMPTY_BODY = YES;
				CLANG_WARN_ENUM_CONVERSION = YES;
				CLANG_WARN_INFINITE_RECURSION = YES;
				CLANG_WARN_INT_CONVERSION = YES;
				CLANG_WARN_NON_LITERAL_NULL_CONVERSION = YES;
				CLANG_WARN_OBJC_IMPLICIT_RETAIN_SELF = YES;
				CLANG_WARN_OBJC_LITERAL_CONVERSION = YES;
				CLANG_WARN_OBJC_ROOT_CLASS = YES_ERROR;
				CLANG_WARN_QUOTED_INCLUDE_IN_FRAMEWORK_HEADER = YES;
				CLANG_WARN_RANGE_LOOP_ANALYSIS = YES;
				CLANG_WARN_STRICT_PROTOTYPES = YES;
				CLANG_WARN_SUSPICIOUS_MOVE = YES;
				CLANG_WARN_UNGUARDED_AVAILABILITY = YES_AGGRESSIVE;
				CLANG_WARN_UNREACHABLE_CODE = YES;
				CLANG_WARN__DUPLICATE_METHOD_MATCH = YES;
				COPY_PHASE_STRIP = NO;
				DEBUG_INFORMATION_FORMAT = "dwarf-with-dsym";
				ENABLE_NS_ASSERTIONS = NO;
				ENABLE_STRICT_OBJC_MSGSEND = YES;
				GCC_C_LANGUAGE_STANDARD = gnu11;
				GCC_NO_COMMON_BLOCKS = YES;
				GCC_WARN_64_TO_32_BIT_CONVERSION = YES;
				GCC_WARN_ABOUT_RETURN_TYPE = YES_ERROR;
				GCC_WARN_UNDECLARED_SELECTOR = YES;
				GCC_WARN_UNINITIALIZED_AUTOS = YES_AGGRESSIVE;
				GCC_WARN_UNUSED_FUNCTION = YES;
				GCC_WARN_UNUSED_VARIABLE = YES;
				MACOSX_DEPLOYMENT_TARGET = 10.15;
				MTL_ENABLE_DEBUG_INFO = NO;
				MTL_FAST_MATH = YES;
				SDKROOT = macosx;
				SWIFT_COMPILATION_MODE = wholemodule;
				SWIFT_OPTIMIZATION_LEVEL = "-O";
			};
			name = Release;
		};
		1E5ED7EE255E1DE400D94AFC /* Debug */ = {
			isa = XCBuildConfiguration;
			buildSettings = {
				CODE_SIGN_IDENTITY = "-";
				CODE_SIGN_STYLE = Automatic;
				PRODUCT_NAME = "$(TARGET_NAME)";
				SWIFT_VERSION = 5.0;
			};
			name = Debug;
		};
		1E5ED7EF255E1DE400D94AFC /* Release */ = {
			isa = XCBuildConfiguration;
			buildSettings = {
				CODE_SIGN_IDENTITY = "-";
				CODE_SIGN_STYLE = Automatic;
				PRODUCT_NAME = "$(TARGET_NAME)";
				SWIFT_VERSION = 5.0;
			};
			name = Release;
		};
/* End XCBuildConfiguration section */

/* Begin XCConfigurationList section */
		1E5ED7E1255E1DE400D94AFC /* Build configuration list for PBXProject "2week-algorithm" */ = {
			isa = XCConfigurationList;
			buildConfigurations = (
				1E5ED7EB255E1DE400D94AFC /* Debug */,
				1E5ED7EC255E1DE400D94AFC /* Release */,
			);
			defaultConfigurationIsVisible = 0;
			defaultConfigurationName = Release;
		};
		1E5ED7ED255E1DE400D94AFC /* Build configuration list for PBXNativeTarget "2week-algorithm" */ = {
			isa = XCConfigurationList;
			buildConfigurations = (
				1E5ED7EE255E1DE400D94AFC /* Debug */,
				1E5ED7EF255E1DE400D94AFC /* Release */,
			);
			defaultConfigurationIsVisible = 0;
			defaultConfigurationName = Release;
		};
/* End XCConfigurationList section */
	};
	rootObject = 1E5ED7DE255E1DE400D94AFC /* Project object */;
}
