// !$*UTF8*$!
{
	archiveVersion = 1;
	classes = {
	};
	objectVersion = 50;
	objects = {

/* Begin PBXBuildFile section */
		1EE484232555260B0043C4F3 /* main.swift in Sources */ = {isa = PBXBuildFile; fileRef = 1EE484222555260B0043C4F3 /* main.swift */; };
		1EE4842B255526190043C4F3 /* p1000.swift in Sources */ = {isa = PBXBuildFile; fileRef = 1EE4842A255526190043C4F3 /* p1000.swift */; };
		1EE4842E2555268B0043C4F3 /* p1008.swift in Sources */ = {isa = PBXBuildFile; fileRef = 1EE4842D2555268B0043C4F3 /* p1008.swift */; };
		1EE48431255527030043C4F3 /* p2438.swift in Sources */ = {isa = PBXBuildFile; fileRef = 1EE48430255527030043C4F3 /* p2438.swift */; };
		1EE48434255527560043C4F3 /* p2920.swift in Sources */ = {isa = PBXBuildFile; fileRef = 1EE48433255527560043C4F3 /* p2920.swift */; };
		1EE484372555279A0043C4F3 /* p8958.swift in Sources */ = {isa = PBXBuildFile; fileRef = 1EE484362555279A0043C4F3 /* p8958.swift */; };
/* End PBXBuildFile section */

/* Begin PBXCopyFilesBuildPhase section */
		1EE4841D2555260B0043C4F3 /* CopyFiles */ = {
			isa = PBXCopyFilesBuildPhase;
			buildActionMask = 2147483647;
			dstPath = /usr/share/man/man1/;
			dstSubfolderSpec = 0;
			files = (
			);
			runOnlyForDeploymentPostprocessing = 1;
		};
/* End PBXCopyFilesBuildPhase section */

/* Begin PBXFileReference section */
		1EE4841F2555260B0043C4F3 /* 1week-algorithm */ = {isa = PBXFileReference; explicitFileType = "compiled.mach-o.executable"; includeInIndex = 0; path = "1week-algorithm"; sourceTree = BUILT_PRODUCTS_DIR; };
		1EE484222555260B0043C4F3 /* main.swift */ = {isa = PBXFileReference; lastKnownFileType = sourcecode.swift; path = main.swift; sourceTree = "<group>"; };
		1EE4842A255526190043C4F3 /* p1000.swift */ = {isa = PBXFileReference; lastKnownFileType = sourcecode.swift; path = p1000.swift; sourceTree = "<group>"; };
		1EE4842D2555268B0043C4F3 /* p1008.swift */ = {isa = PBXFileReference; lastKnownFileType = sourcecode.swift; path = p1008.swift; sourceTree = "<group>"; };
		1EE48430255527030043C4F3 /* p2438.swift */ = {isa = PBXFileReference; lastKnownFileType = sourcecode.swift; path = p2438.swift; sourceTree = "<group>"; };
		1EE48433255527560043C4F3 /* p2920.swift */ = {isa = PBXFileReference; lastKnownFileType = sourcecode.swift; path = p2920.swift; sourceTree = "<group>"; };
		1EE484362555279A0043C4F3 /* p8958.swift */ = {isa = PBXFileReference; lastKnownFileType = sourcecode.swift; path = p8958.swift; sourceTree = "<group>"; };
/* End PBXFileReference section */

/* Begin PBXFrameworksBuildPhase section */
		1EE4841C2555260B0043C4F3 /* Frameworks */ = {
			isa = PBXFrameworksBuildPhase;
			buildActionMask = 2147483647;
			files = (
			);
			runOnlyForDeploymentPostprocessing = 0;
		};
/* End PBXFrameworksBuildPhase section */

/* Begin PBXGroup section */
		1EE484162555260B0043C4F3 = {
			isa = PBXGroup;
			children = (
				1EE484212555260B0043C4F3 /* 1week-algorithm */,
				1EE484202555260B0043C4F3 /* Products */,
			);
			sourceTree = "<group>";
		};
		1EE484202555260B0043C4F3 /* Products */ = {
			isa = PBXGroup;
			children = (
				1EE4841F2555260B0043C4F3 /* 1week-algorithm */,
			);
			name = Products;
			sourceTree = "<group>";
		};
		1EE484212555260B0043C4F3 /* 1week-algorithm */ = {
			isa = PBXGroup;
			children = (
				1EE484222555260B0043C4F3 /* main.swift */,
				1EE4842A255526190043C4F3 /* p1000.swift */,
				1EE4842D2555268B0043C4F3 /* p1008.swift */,
				1EE48430255527030043C4F3 /* p2438.swift */,
				1EE48433255527560043C4F3 /* p2920.swift */,
				1EE484362555279A0043C4F3 /* p8958.swift */,
			);
			path = "1week-algorithm";
			sourceTree = "<group>";
		};
/* End PBXGroup section */

/* Begin PBXNativeTarget section */
		1EE4841E2555260B0043C4F3 /* 1week-algorithm */ = {
			isa = PBXNativeTarget;
			buildConfigurationList = 1EE484262555260B0043C4F3 /* Build configuration list for PBXNativeTarget "1week-algorithm" */;
			buildPhases = (
				1EE4841B2555260B0043C4F3 /* Sources */,
				1EE4841C2555260B0043C4F3 /* Frameworks */,
				1EE4841D2555260B0043C4F3 /* CopyFiles */,
			);
			buildRules = (
			);
			dependencies = (
			);
			name = "1week-algorithm";
			productName = "1week-algorithm";
			productReference = 1EE4841F2555260B0043C4F3 /* 1week-algorithm */;
			productType = "com.apple.product-type.tool";
		};
/* End PBXNativeTarget section */

/* Begin PBXProject section */
		1EE484172555260B0043C4F3 /* Project object */ = {
			isa = PBXProject;
			attributes = {
				LastSwiftUpdateCheck = 1210;
				LastUpgradeCheck = 1210;
				TargetAttributes = {
					1EE4841E2555260B0043C4F3 = {
						CreatedOnToolsVersion = 12.1;
					};
				};
			};
			buildConfigurationList = 1EE4841A2555260B0043C4F3 /* Build configuration list for PBXProject "1week-algorithm" */;
			compatibilityVersion = "Xcode 9.3";
			developmentRegion = en;
			hasScannedForEncodings = 0;
			knownRegions = (
				en,
				Base,
			);
			mainGroup = 1EE484162555260B0043C4F3;
			productRefGroup = 1EE484202555260B0043C4F3 /* Products */;
			projectDirPath = "";
			projectRoot = "";
			targets = (
				1EE4841E2555260B0043C4F3 /* 1week-algorithm */,
			);
		};
/* End PBXProject section */

/* Begin PBXSourcesBuildPhase section */
		1EE4841B2555260B0043C4F3 /* Sources */ = {
			isa = PBXSourcesBuildPhase;
			buildActionMask = 2147483647;
			files = (
				1EE484372555279A0043C4F3 /* p8958.swift in Sources */,
				1EE484232555260B0043C4F3 /* main.swift in Sources */,
				1EE4842E2555268B0043C4F3 /* p1008.swift in Sources */,
				1EE4842B255526190043C4F3 /* p1000.swift in Sources */,
				1EE48431255527030043C4F3 /* p2438.swift in Sources */,
				1EE48434255527560043C4F3 /* p2920.swift in Sources */,
			);
			runOnlyForDeploymentPostprocessing = 0;
		};
/* End PBXSourcesBuildPhase section */

/* Begin XCBuildConfiguration section */
		1EE484242555260B0043C4F3 /* Debug */ = {
			isa = XCBuildConfiguration;
			buildSettings = {
				ALWAYS_SEARCH_USER_PATHS = NO;
				CLANG_ANALYZER_NONNULL = YES;
				CLANG_ANALYZER_NUMBER_OBJECT_CONVERSION = YES_AGGRESSIVE;
				CLANG_CXX_LANGUAGE_STANDARD = "gnu++14";
				CLANG_CXX_LIBRARY = "libc++";
				CLANG_ENABLE_MODULES = YES;
				CLANG_ENABLE_OBJC_ARC = YES;
				CLANG_ENABLE_OBJC_WEAK = YES;
				CLANG_WARN_BLOCK_CAPTURE_AUTORELEASING = YES;
				CLANG_WARN_BOOL_CONVERSION = YES;
				CLANG_WARN_COMMA = YES;
				CLANG_WARN_CONSTANT_CONVERSION = YES;
				CLANG_WARN_DEPRECATED_OBJC_IMPLEMENTATIONS = YES;
				CLANG_WARN_DIRECT_OBJC_ISA_USAGE = YES_ERROR;
				CLANG_WARN_DOCUMENTATION_COMMENTS = YES;
				CLANG_WARN_EMPTY_BODY = YES;
				CLANG_WARN_ENUM_CONVERSION = YES;
				CLANG_WARN_INFINITE_RECURSION = YES;
				CLANG_WARN_INT_CONVERSION = YES;
				CLANG_WARN_NON_LITERAL_NULL_CONVERSION = YES;
				CLANG_WARN_OBJC_IMPLICIT_RETAIN_SELF = YES;
				CLANG_WARN_OBJC_LITERAL_CONVERSION = YES;
				CLANG_WARN_OBJC_ROOT_CLASS = YES_ERROR;
				CLANG_WARN_QUOTED_INCLUDE_IN_FRAMEWORK_HEADER = YES;
				CLANG_WARN_RANGE_LOOP_ANALYSIS = YES;
				CLANG_WARN_STRICT_PROTOTYPES = YES;
				CLANG_WARN_SUSPICIOUS_MOVE = YES;
				CLANG_WARN_UNGUARDED_AVAILABILITY = YES_AGGRESSIVE;
				CLANG_WARN_UNREACHABLE_CODE = YES;
				CLANG_WARN__DUPLICATE_METHOD_MATCH = YES;
				COPY_PHASE_STRIP = NO;
				DEBUG_INFORMATION_FORMAT = dwarf;
				ENABLE_STRICT_OBJC_MSGSEND = YES;
				ENABLE_TESTABILITY = YES;
				GCC_C_LANGUAGE_STANDARD = gnu11;
				GCC_DYNAMIC_NO_PIC = NO;
				GCC_NO_COMMON_BLOCKS = YES;
				GCC_OPTIMIZATION_LEVEL = 0;
				GCC_PREPROCESSOR_DEFINITIONS = (
					"DEBUG=1",
					"$(inherited)",
				);
				GCC_WARN_64_TO_32_BIT_CONVERSION = YES;
				GCC_WARN_ABOUT_RETURN_TYPE = YES_ERROR;
				GCC_WARN_UNDECLARED_SELECTOR = YES;
				GCC_WARN_UNINITIALIZED_AUTOS = YES_AGGRESSIVE;
				GCC_WARN_UNUSED_FUNCTION = YES;
				GCC_WARN_UNUSED_VARIABLE = YES;
				MACOSX_DEPLOYMENT_TARGET = 10.15;
				MTL_ENABLE_DEBUG_INFO = INCLUDE_SOURCE;
				MTL_FAST_MATH = YES;
				ONLY_ACTIVE_ARCH = YES;
				SDKROOT = macosx;
				SWIFT_ACTIVE_COMPILATION_CONDITIONS = DEBUG;
				SWIFT_OPTIMIZATION_LEVEL = "-Onone";
			};
			name = Debug;
		};
		1EE484252555260B0043C4F3 /* Release */ = {
			isa = XCBuildConfiguration;
			buildSettings = {
				ALWAYS_SEARCH_USER_PATHS = NO;
				CLANG_ANALYZER_NONNULL = YES;
				CLANG_ANALYZER_NUMBER_OBJECT_CONVERSION = YES_AGGRESSIVE;
				CLANG_CXX_LANGUAGE_STANDARD = "gnu++14";
				CLANG_CXX_LIBRARY = "libc++";
				CLANG_ENABLE_MODULES = YES;
				CLANG_ENABLE_OBJC_ARC = YES;
				CLANG_ENABLE_OBJC_WEAK = YES;
				CLANG_WARN_BLOCK_CAPTURE_AUTORELEASING = YES;
				CLANG_WARN_BOOL_CONVERSION = YES;
				CLANG_WARN_COMMA = YES;
				CLANG_WARN_CONSTANT_CONVERSION = YES;
				CLANG_WARN_DEPRECATED_OBJC_IMPLEMENTATIONS = YES;
				CLANG_WARN_DIRECT_OBJC_ISA_USAGE = YES_ERROR;
				CLANG_WARN_DOCUMENTATION_COMMENTS = YES;
				CLANG_WARN_EMPTY_BODY = YES;
				CLANG_WARN_ENUM_CONVERSION = YES;
				CLANG_WARN_INFINITE_RECURSION = YES;
				CLANG_WARN_INT_CONVERSION = YES;
				CLANG_WARN_NON_LITERAL_NULL_CONVERSION = YES;
				CLANG_WARN_OBJC_IMPLICIT_RETAIN_SELF = YES;
				CLANG_WARN_OBJC_LITERAL_CONVERSION = YES;
				CLANG_WARN_OBJC_ROOT_CLASS = YES_ERROR;
				CLANG_WARN_QUOTED_INCLUDE_IN_FRAMEWORK_HEADER = YES;
				CLANG_WARN_RANGE_LOOP_ANALYSIS = YES;
				CLANG_WARN_STRICT_PROTOTYPES = YES;
				CLANG_WARN_SUSPICIOUS_MOVE = YES;
				CLANG_WARN_UNGUARDED_AVAILABILITY = YES_AGGRESSIVE;
				CLANG_WARN_UNREACHABLE_CODE = YES;
				CLANG_WARN__DUPLICATE_METHOD_MATCH = YES;
				COPY_PHASE_STRIP = NO;
				DEBUG_INFORMATION_FORMAT = "dwarf-with-dsym";
				ENABLE_NS_ASSERTIONS = NO;
				ENABLE_STRICT_OBJC_MSGSEND = YES;
				GCC_C_LANGUAGE_STANDARD = gnu11;
				GCC_NO_COMMON_BLOCKS = YES;
				GCC_WARN_64_TO_32_BIT_CONVERSION = YES;
				GCC_WARN_ABOUT_RETURN_TYPE = YES_ERROR;
				GCC_WARN_UNDECLARED_SELECTOR = YES;
				GCC_WARN_UNINITIALIZED_AUTOS = YES_AGGRESSIVE;
				GCC_WARN_UNUSED_FUNCTION = YES;
				GCC_WARN_UNUSED_VARIABLE = YES;
				MACOSX_DEPLOYMENT_TARGET = 10.15;
				MTL_ENABLE_DEBUG_INFO = NO;
				MTL_FAST_MATH = YES;
				SDKROOT = macosx;
				SWIFT_COMPILATION_MODE = wholemodule;
				SWIFT_OPTIMIZATION_LEVEL = "-O";
			};
			name = Release;
		};
		1EE484272555260B0043C4F3 /* Debug */ = {
			isa = XCBuildConfiguration;
			buildSettings = {
				CODE_SIGN_STYLE = Automatic;
				PRODUCT_NAME = "$(TARGET_NAME)";
				SWIFT_VERSION = 5.0;
			};
			name = Debug;
		};
		1EE484282555260B0043C4F3 /* Release */ = {
			isa = XCBuildConfiguration;
			buildSettings = {
				CODE_SIGN_STYLE = Automatic;
				PRODUCT_NAME = "$(TARGET_NAME)";
				SWIFT_VERSION = 5.0;
			};
			name = Release;
		};
/* End XCBuildConfiguration section */

/* Begin XCConfigurationList section */
		1EE4841A2555260B0043C4F3 /* Build configuration list for PBXProject "1week-algorithm" */ = {
			isa = XCConfigurationList;
			buildConfigurations = (
				1EE484242555260B0043C4F3 /* Debug */,
				1EE484252555260B0043C4F3 /* Release */,
			);
			defaultConfigurationIsVisible = 0;
			defaultConfigurationName = Release;
		};
		1EE484262555260B0043C4F3 /* Build configuration list for PBXNativeTarget "1week-algorithm" */ = {
			isa = XCConfigurationList;
			buildConfigurations = (
				1EE484272555260B0043C4F3 /* Debug */,
				1EE484282555260B0043C4F3 /* Release */,
			);
			defaultConfigurationIsVisible = 0;
			defaultConfigurationName = Release;
		};
/* End XCConfigurationList section */
	};
	rootObject = 1EE484172555260B0043C4F3 /* Project object */;
}
